# This file is automatically @generated by Cargo.
# It is not intended for manual editing.
version = 4

[[package]]
name = "bitcoin-from-scratch"
version = "0.1.0"

[[package]]
name = "btc-cli"
version = "0.1.0"
dependencies = [
 "btc-core",
 "btc-node",
 "btc-wallet",
]

[[package]]
name = "btc-core"
version = "0.1.0"

[[package]]
name = "btc-node"
version = "0.1.0"
dependencies = [
 "btc-core",
 "btc-wallet",
]

[[package]]
name = "btc-wallet"
version = "0.1.0"
